{
  "name": "my-custom-tool",
  "version": "1.0.0",
  "lockfileVersion": 1,
  "requires": true,
  "dependencies": {
    "x-data-spreadsheet": {
      "version": "1.0.1",
      "resolved": "https://registry.npmjs.org/x-data-spreadsheet/-/x-data-spreadsheet-1.0.1.tgz",
      "integrity": "sha512-esDtT0h9KcvZKiWsD96tt/1GOGmSET3s2aizQZpLzw+h8GWMhm2YN/Ndm5VyriNRxN84xR5ZdDys/3aU1kDENw=="
    }
  }
}
